
Microsoft Visual Studio Solution File, Format Version 12.00
# Visual Studio Version 16
VisualStudioVersion = 16.0.29230.61
MinimumVisualStudioVersion = 10.0.40219.1
Project("{9A19103F-16F7-4668-BE54-9A1E7A4F7556}") = "Roro.Actions", "Roro.Actions\Roro.Actions.csproj", "{685D21A8-2CB9-42E7-9BAE-1E7CE5602A80}"
EndProject
Project("{9A19103F-16F7-4668-BE54-9A1E7A4F7556}") = "Roro.Workflow", "Roro.Workflow\Roro.Workflow.csproj", "{15A7DB80-4785-42C4-8457-94D79F7C9CC4}"
EndProject
Project("{FAE04EC0-301F-11D3-BF4B-00C04F79EFBC}") = "Roro.Workflow.Tests", "Roro.Workflow.Tests\Roro.Workflow.Tests.csproj", "{2C70D8CA-336C-4FC2-941B-00F822454410}"
EndProject
Global
	GlobalSection(SolutionConfigurationPlatforms) = preSolution
		Debug|Any CPU = Debug|Any CPU
		Release|Any CPU = Release|Any CPU
	EndGlobalSection
	GlobalSection(ProjectConfigurationPlatforms) = postSolution
		{685D21A8-2CB9-42E7-9BAE-1E7CE5602A80}.Debug|Any CPU.ActiveCfg = Debug|Any CPU
		{685D21A8-2CB9-42E7-9BAE-1E7CE5602A80}.Debug|Any CPU.Build.0 = Debug|Any CPU
		{685D21A8-2CB9-42E7-9BAE-1E7CE5602A80}.Release|Any CPU.ActiveCfg = Release|Any CPU
		{685D21A8-2CB9-42E7-9BAE-1E7CE5602A80}.Release|Any CPU.Build.0 = Release|Any CPU
		{15A7DB80-4785-42C4-8457-94D79F7C9CC4}.Debug|Any CPU.ActiveCfg = Debug|Any CPU
		{15A7DB80-4785-42C4-8457-94D79F7C9CC4}.Debug|Any CPU.Build.0 = Debug|Any CPU
		{15A7DB80-4785-42C4-8457-94D79F7C9CC4}.Release|Any CPU.ActiveCfg = Release|Any CPU
		{15A7DB80-4785-42C4-8457-94D79F7C9CC4}.Release|Any CPU.Build.0 = Release|Any CPU
		{2C70D8CA-336C-4FC2-941B-00F822454410}.Debug|Any CPU.ActiveCfg = Debug|Any CPU
		{2C70D8CA-336C-4FC2-941B-00F822454410}.Debug|Any CPU.Build.0 = Debug|Any CPU
		{2C70D8CA-336C-4FC2-941B-00F822454410}.Release|Any CPU.ActiveCfg = Release|Any CPU
		{2C70D8CA-336C-4FC2-941B-00F822454410}.Release|Any CPU.Build.0 = Release|Any CPU
	EndGlobalSection
	GlobalSection(SolutionProperties) = preSolution
		HideSolutionNode = FALSE
	EndGlobalSection
	GlobalSection(ExtensibilityGlobals) = postSolution
		SolutionGuid = {5BE52BBD-FAB0-4E38-9899-390821CA0E1C}
	EndGlobalSection
EndGlobal
