
Microsoft Visual Studio Solution File, Format Version 12.00
# Visual Studio Version 16
VisualStudioVersion = 16.0.29230.61
MinimumVisualStudioVersion = 10.0.40219.1
Project("{9A19103F-16F7-4668-BE54-9A1E7A4F7556}") = "Roro.Workspace", "Roro.Workspace\Roro.Workspace.csproj", "{3688E286-1096-4A0C-BAD8-60C2A70A1863}"
EndProject
Project("{FAE04EC0-301F-11D3-BF4B-00C04F79EFBC}") = "Roro.Client", "Roro.Client\Roro.Client.csproj", "{009DC1D8-A804-49FB-81F2-90038737F268}"
EndProject
Global
	GlobalSection(SolutionConfigurationPlatforms) = preSolution
		Debug|Any CPU = Debug|Any CPU
		Release|Any CPU = Release|Any CPU
	EndGlobalSection
	GlobalSection(ProjectConfigurationPlatforms) = postSolution
		{3688E286-1096-4A0C-BAD8-60C2A70A1863}.Debug|Any CPU.ActiveCfg = Debug|Any CPU
		{3688E286-1096-4A0C-BAD8-60C2A70A1863}.Debug|Any CPU.Build.0 = Debug|Any CPU
		{3688E286-1096-4A0C-BAD8-60C2A70A1863}.Release|Any CPU.ActiveCfg = Release|Any CPU
		{3688E286-1096-4A0C-BAD8-60C2A70A1863}.Release|Any CPU.Build.0 = Release|Any CPU
		{009DC1D8-A804-49FB-81F2-90038737F268}.Debug|Any CPU.ActiveCfg = Debug|Any CPU
		{009DC1D8-A804-49FB-81F2-90038737F268}.Debug|Any CPU.Build.0 = Debug|Any CPU
		{009DC1D8-A804-49FB-81F2-90038737F268}.Release|Any CPU.ActiveCfg = Release|Any CPU
		{009DC1D8-A804-49FB-81F2-90038737F268}.Release|Any CPU.Build.0 = Release|Any CPU
	EndGlobalSection
	GlobalSection(SolutionProperties) = preSolution
		HideSolutionNode = FALSE
	EndGlobalSection
	GlobalSection(ExtensibilityGlobals) = postSolution
		SolutionGuid = {5BE52BBD-FAB0-4E38-9899-390821CA0E1C}
	EndGlobalSection
EndGlobal
